{
  "name": "opencode",
  "version": "1.0.0",
  "lockfileVersion": 3,
  "requires": true,
  "packages": {
    "": {
      "dependencies": {
        "opencode-ai": "0.15.31"
      }
    },
    "node_modules/opencode-ai": {
      "version": "0.15.31",
      "resolved": "https://registry.npmjs.org/opencode-ai/-/opencode-ai-0.15.31.tgz",
      "integrity": "sha512-ior+Qt/gMXqOV5vi0ntVzjgJLEgywyW/qIjkBhlOjZLY0nRRY1Z56YIyyXup6roDgncJN37is1k72xp47Q230A==",
      "hasInstallScript": true,
      "bin": {
        "opencode": "bin/opencode"
      },
      "optionalDependencies": {
        "opencode-darwin-arm64": "0.15.31",
        "opencode-darwin-x64": "0.15.31",
        "opencode-darwin-x64-baseline": "0.15.31",
        "opencode-linux-arm64": "0.15.31",
        "opencode-linux-x64": "0.15.31",
        "opencode-linux-x64-baseline": "0.15.31",
        "opencode-windows-x64": "0.15.31"
      }
    },
    "node_modules/opencode-darwin-arm64": {
      "version": "0.15.31",
      "resolved": "https://registry.npmjs.org/opencode-darwin-arm64/-/opencode-darwin-arm64-0.15.31.tgz",
      "integrity": "sha512-PwrAz/67d/mk7C+MDlgHm8e/0yzeSiYthJ2miotEwOS122D3bv66118OAUW+fodVZgM60xg2bnkS6h8ZXxn2Vg==",
      "cpu": [
        "arm64"
      ],
      "optional": true,
      "os": [
        "darwin"
      ]
    },
    "node_modules/opencode-darwin-x64": {
      "version": "0.15.31",
      "resolved": "https://registry.npmjs.org/opencode-darwin-x64/-/opencode-darwin-x64-0.15.31.tgz",
      "integrity": "sha512-NpTqV7wf+qnzOOD/P3aM7lcujuKaySeWkDrvdde2f0NUTGdmiPKLDJflqrLNHQ4nzGhxeAhjQ5EcLQ+ZjgLRzw==",
      "cpu": [
        "x64"
      ],
      "optional": true,
      "os": [
        "darwin"
      ]
    },
    "node_modules/opencode-darwin-x64-baseline": {
      "version": "0.15.31",
      "resolved": "https://registry.npmjs.org/opencode-darwin-x64-baseline/-/opencode-darwin-x64-baseline-0.15.31.tgz",
      "integrity": "sha512-WvoT0ctz1Jd0HM7D3ZcY7oRGeUCLna7MA4GvFShBtoqS+mn5AYjJqiXpHDc8SVi5bfbwAJ9qyyOyZ3kDJKKJKw==",
      "cpu": [
        "x64-baseline"
      ],
      "optional": true,
      "os": [
        "darwin"
      ]
    },
    "node_modules/opencode-linux-arm64": {
      "version": "0.15.31",
      "resolved": "https://registry.npmjs.org/opencode-linux-arm64/-/opencode-linux-arm64-0.15.31.tgz",
      "integrity": "sha512-E69+VPBkgre1dtZg4A6t06GhWV2rOm5mfBTuUq2OxXDWeiNCQQYNRLFKW/QHh0fnZ1VuTxoDbQ62duuiKSSSvw==",
      "cpu": [
        "arm64"
      ],
      "optional": true,
      "os": [
        "linux"
      ]
    },
    "node_modules/opencode-linux-x64": {
      "version": "0.15.31",
      "resolved": "https://registry.npmjs.org/opencode-linux-x64/-/opencode-linux-x64-0.15.31.tgz",
      "integrity": "sha512-MKd2Ktra5qpuxukd0no651y+hHQZCfKUMwhUzw9k5P80dfsNt2HNhJWklsFvwSp8Y+zWGCJ5xJ3ZpEt8nc9FUA==",
      "cpu": [
        "x64"
      ],
      "optional": true,
      "os": [
        "linux"
      ]
    },
    "node_modules/opencode-linux-x64-baseline": {
      "version": "0.15.31",
      "resolved": "https://registry.npmjs.org/opencode-linux-x64-baseline/-/opencode-linux-x64-baseline-0.15.31.tgz",
      "integrity": "sha512-DoyUAAd6SNj6Cb9/SYg3BrduBP1BFGMlGmkz6Phegvibh145fHDPHqM/5tSb/h1riGaNTaITfKY/A4Zs/gUgMw==",
      "cpu": [
        "x64-baseline"
      ],
      "optional": true,
      "os": [
        "linux"
      ]
    },
    "node_modules/opencode-windows-x64": {
      "version": "0.15.31",
      "resolved": "https://registry.npmjs.org/opencode-windows-x64/-/opencode-windows-x64-0.15.31.tgz",
      "integrity": "sha512-0YqqL5mwZyrLtrIDtqDqETtoyOng0W+B/Pkwdbbm+laBaiQQ8dL/zhRMFuotfXmEGvrHJitB3o5ec8enoJqUDw==",
      "cpu": [
        "x64"
      ],
      "optional": true,
      "os": [
        "win32"
      ]
    }
  }
}
