{
  "name": "opencode",
  "version": "1.0.0",
  "lockfileVersion": 3,
  "requires": true,
  "packages": {
    "": {
      "dependencies": {
        "opencode-ai": "1.15.11"
      }
    },
    "node_modules/opencode-ai": {
      "version": "1.15.11",
      "resolved": "https://registry.npmjs.org/opencode-ai/-/opencode-ai-1.15.11.tgz",
      "integrity": "sha512-i3DYIATyWT3ukP+5OCyEuXvbCEq7PgBAlVA4yp01+W5BaYeoj/f0bpXdDPP5q9B/Yl8drtyEhWh0YC9UAHF06A==",
      "cpu": [
        "arm64",
        "x64"
      ],
      "hasInstallScript": true,
      "license": "MIT",
      "os": [
        "darwin",
        "linux",
        "win32"
      ],
      "bin": {
        "opencode": "bin/opencode.exe"
      },
      "optionalDependencies": {
        "opencode-darwin-arm64": "1.15.11",
        "opencode-darwin-x64": "1.15.11",
        "opencode-darwin-x64-baseline": "1.15.11",
        "opencode-linux-arm64": "1.15.11",
        "opencode-linux-arm64-musl": "1.15.11",
        "opencode-linux-x64": "1.15.11",
        "opencode-linux-x64-baseline": "1.15.11",
        "opencode-linux-x64-baseline-musl": "1.15.11",
        "opencode-linux-x64-musl": "1.15.11",
        "opencode-windows-arm64": "1.15.11",
        "opencode-windows-x64": "1.15.11",
        "opencode-windows-x64-baseline": "1.15.11"
      }
    },
    "node_modules/opencode-darwin-arm64": {
      "version": "1.15.11",
      "resolved": "https://registry.npmjs.org/opencode-darwin-arm64/-/opencode-darwin-arm64-1.15.11.tgz",
      "integrity": "sha512-XuiTIkBj0YKpfT8KHNan4JaX686vROCwXQHDzsZ55g/I7rdyQXG2wdt2CsUhRDaPyQTOkhrM+VqC3uYsT+kZzw==",
      "cpu": [
        "arm64"
      ],
      "optional": true,
      "os": [
        "darwin"
      ]
    },
    "node_modules/opencode-darwin-x64": {
      "version": "1.15.11",
      "resolved": "https://registry.npmjs.org/opencode-darwin-x64/-/opencode-darwin-x64-1.15.11.tgz",
      "integrity": "sha512-PimsC+uaSmVxszQ3sbrIEjDoba9jUyAwAbydEukY3EoQ7cgLFd8tn9H/8yeA0aY7bh3uiCttDCctoQfMpV+S9Q==",
      "cpu": [
        "x64"
      ],
      "optional": true,
      "os": [
        "darwin"
      ]
    },
    "node_modules/opencode-darwin-x64-baseline": {
      "version": "1.15.11",
      "resolved": "https://registry.npmjs.org/opencode-darwin-x64-baseline/-/opencode-darwin-x64-baseline-1.15.11.tgz",
      "integrity": "sha512-itb1FRgGyve89/W+sQBqmTVWUoldb0TdH1Qm805c52UbY+nkEW6oE40vveHJEDDPxFHypyzSymYFcJ7wqYBisw==",
      "cpu": [
        "x64"
      ],
      "optional": true,
      "os": [
        "darwin"
      ]
    },
    "node_modules/opencode-linux-arm64": {
      "version": "1.15.11",
      "resolved": "https://registry.npmjs.org/opencode-linux-arm64/-/opencode-linux-arm64-1.15.11.tgz",
      "integrity": "sha512-SM+xMU8pUd5p6KD2wdIR2d0q3IRw6axKSGUqlcVrit7ZhFlTjdr3Ca0KqVv3JsUny8Bu8N8Z5b3MHvqRf4nTSQ==",
      "cpu": [
        "arm64"
      ],
      "optional": true,
      "os": [
        "linux"
      ]
    },
    "node_modules/opencode-linux-arm64-musl": {
      "version": "1.15.11",
      "resolved": "https://registry.npmjs.org/opencode-linux-arm64-musl/-/opencode-linux-arm64-musl-1.15.11.tgz",
      "integrity": "sha512-wLaAM12H0mH93XpdXuFz4+oeNA9+CDj8WEvdL8NNrz/Sfgi/zWIo8g3UMH+lp+pfO0s7PTM84RzxGQTOvcejXg==",
      "cpu": [
        "arm64"
      ],
      "optional": true,
      "os": [
        "linux"
      ]
    },
    "node_modules/opencode-linux-x64": {
      "version": "1.15.11",
      "resolved": "https://registry.npmjs.org/opencode-linux-x64/-/opencode-linux-x64-1.15.11.tgz",
      "integrity": "sha512-RuXo1XFiAqW6ypnP4V+rPDmTrdDKh8FuO+3whMpw2qIYs8eVil72QwX1Rv6W96FDCFQkyUZW9R6MK/MGbGWCUQ==",
      "cpu": [
        "x64"
      ],
      "optional": true,
      "os": [
        "linux"
      ]
    },
    "node_modules/opencode-linux-x64-baseline": {
      "version": "1.15.11",
      "resolved": "https://registry.npmjs.org/opencode-linux-x64-baseline/-/opencode-linux-x64-baseline-1.15.11.tgz",
      "integrity": "sha512-MX+eaLOkFVO5IA8jA0QLUJma3KBwRzUrzZrCFuv6+vq9U/SsD+F9Jz2Bnfw9iE9v3QwnJ+8Yf/vKCsb5LrrWvQ==",
      "cpu": [
        "x64"
      ],
      "optional": true,
      "os": [
        "linux"
      ]
    },
    "node_modules/opencode-linux-x64-baseline-musl": {
      "version": "1.15.11",
      "resolved": "https://registry.npmjs.org/opencode-linux-x64-baseline-musl/-/opencode-linux-x64-baseline-musl-1.15.11.tgz",
      "integrity": "sha512-N+geBY9Zv2kfoMKYMnPxJZQ1R9xOrgA55BMa7aMtMHr2x9tkjI5mCT7ese6Igna/cnoicxo216YhkSzyY1+p9A==",
      "cpu": [
        "x64"
      ],
      "optional": true,
      "os": [
        "linux"
      ]
    },
    "node_modules/opencode-linux-x64-musl": {
      "version": "1.15.11",
      "resolved": "https://registry.npmjs.org/opencode-linux-x64-musl/-/opencode-linux-x64-musl-1.15.11.tgz",
      "integrity": "sha512-/xbhh8aDFR5E8Ggc00ZG3qXXAwWxosEfWaPXiP04/Y7kDbz8T28a1cSIWniNmY426rYdnYLXgwJzOgpD/ZhDDg==",
      "cpu": [
        "x64"
      ],
      "optional": true,
      "os": [
        "linux"
      ]
    },
    "node_modules/opencode-windows-arm64": {
      "version": "1.15.11",
      "resolved": "https://registry.npmjs.org/opencode-windows-arm64/-/opencode-windows-arm64-1.15.11.tgz",
      "integrity": "sha512-sdWtLGq1aoaCzbTQY8NR7+g56lzYREBBcT7Na81FKg4H/ZybLQHXV+lwbaw+cK/d0aPpM8EAB+TV6Wbe5nEzGw==",
      "cpu": [
        "arm64"
      ],
      "optional": true,
      "os": [
        "win32"
      ]
    },
    "node_modules/opencode-windows-x64": {
      "version": "1.15.11",
      "resolved": "https://registry.npmjs.org/opencode-windows-x64/-/opencode-windows-x64-1.15.11.tgz",
      "integrity": "sha512-d5jJqLA+d2DmbEzVrriePxoOjLfqjKZar0OYkNgvmUcWHCHeyn1NcL5JH6T7L19s/X3qY1tEDvZZ3uWFqNMdGQ==",
      "cpu": [
        "x64"
      ],
      "optional": true,
      "os": [
        "win32"
      ]
    },
    "node_modules/opencode-windows-x64-baseline": {
      "version": "1.15.11",
      "resolved": "https://registry.npmjs.org/opencode-windows-x64-baseline/-/opencode-windows-x64-baseline-1.15.11.tgz",
      "integrity": "sha512-Lj9TkJIeUD++idJWIKK5z+k5hvNubAEXItdxzBLM8LlWArSd2tXCGbxbBktsM5URlhFBdAN05ghyiUtAVOcMPg==",
      "cpu": [
        "x64"
      ],
      "optional": true,
      "os": [
        "win32"
      ]
    }
  }
}
