{
  "name": "opencode",
  "version": "1.0.0",
  "lockfileVersion": 3,
  "requires": true,
  "packages": {
    "": {
      "dependencies": {
        "opencode-ai": "1.1.36"
      }
    },
    "node_modules/opencode-ai": {
      "version": "1.1.36",
      "resolved": "https://registry.npmjs.org/opencode-ai/-/opencode-ai-1.1.36.tgz",
      "integrity": "sha512-9WeCzn82u8/Y2mJRHmphO5AKZxPDCH897dwkkywUJVo8e6GJd3fWKudqeYOs5pvYY9U+DRFtW7Fdu/LhrpRJfw==",
      "hasInstallScript": true,
      "bin": {
        "opencode": "bin/opencode"
      },
      "optionalDependencies": {
        "opencode-darwin-arm64": "1.1.36",
        "opencode-darwin-x64": "1.1.36",
        "opencode-darwin-x64-baseline": "1.1.36",
        "opencode-linux-arm64": "1.1.36",
        "opencode-linux-arm64-musl": "1.1.36",
        "opencode-linux-x64": "1.1.36",
        "opencode-linux-x64-baseline": "1.1.36",
        "opencode-linux-x64-baseline-musl": "1.1.36",
        "opencode-linux-x64-musl": "1.1.36",
        "opencode-windows-x64": "1.1.36",
        "opencode-windows-x64-baseline": "1.1.36"
      }
    },
    "node_modules/opencode-darwin-arm64": {
      "version": "1.1.36",
      "resolved": "https://registry.npmjs.org/opencode-darwin-arm64/-/opencode-darwin-arm64-1.1.36.tgz",
      "integrity": "sha512-XUaD4Q+gT8mWJiXsyujCVMpFDDuJK3FeS8pkUFk0AcqgiQ5DCdngfcT5dXKLvYsgWWRhPtP2eOZ30DOCnWNz8g==",
      "cpu": [
        "arm64"
      ],
      "optional": true,
      "os": [
        "darwin"
      ]
    },
    "node_modules/opencode-darwin-x64": {
      "version": "1.1.36",
      "resolved": "https://registry.npmjs.org/opencode-darwin-x64/-/opencode-darwin-x64-1.1.36.tgz",
      "integrity": "sha512-t+8x2brSlK6OJjYDqXcTeJIoZJ4ZUa2PT6HY+7cgY8EXkl3d6kUYbu9Wh8YD2ZDt8NHSA1H6LQLAwmlzctVGmQ==",
      "cpu": [
        "x64"
      ],
      "optional": true,
      "os": [
        "darwin"
      ]
    },
    "node_modules/opencode-darwin-x64-baseline": {
      "version": "1.1.36",
      "resolved": "https://registry.npmjs.org/opencode-darwin-x64-baseline/-/opencode-darwin-x64-baseline-1.1.36.tgz",
      "integrity": "sha512-faaiQWhRTIj3nq/RWu8Rq1ZwTiRNCWBVtOhfBC50iu82jq4ETIlHzBa58G7onEqXf7S2kDFa2Wuf6R7pt9GPDw==",
      "cpu": [
        "x64"
      ],
      "optional": true,
      "os": [
        "darwin"
      ]
    },
    "node_modules/opencode-linux-arm64": {
      "version": "1.1.36",
      "resolved": "https://registry.npmjs.org/opencode-linux-arm64/-/opencode-linux-arm64-1.1.36.tgz",
      "integrity": "sha512-5lNHvuQHMJc3epOgJEP+Eo0/Xh/iUup7cMgfwEhRNpZ2t/HEPFx+LcbZ5C9yQMZHfqc+m6OWwf3Ga+tGTYnhBg==",
      "cpu": [
        "arm64"
      ],
      "optional": true,
      "os": [
        "linux"
      ]
    },
    "node_modules/opencode-linux-arm64-musl": {
      "version": "1.1.36",
      "resolved": "https://registry.npmjs.org/opencode-linux-arm64-musl/-/opencode-linux-arm64-musl-1.1.36.tgz",
      "integrity": "sha512-QJaa9hZrGbVsiE6FkykjGycCzTjL+iOZrlA+El5fNb8SEF6rTDAlgrCjw7K8E5MQ9Tch9MDB16yKiECVayqISg==",
      "cpu": [
        "arm64"
      ],
      "optional": true,
      "os": [
        "linux"
      ]
    },
    "node_modules/opencode-linux-x64": {
      "version": "1.1.36",
      "resolved": "https://registry.npmjs.org/opencode-linux-x64/-/opencode-linux-x64-1.1.36.tgz",
      "integrity": "sha512-9oOOF6idzVYCY+l/lgGsfJFrL6l7aKLO65z9jeUD/lIkVj4kyj5hpY76TP6B4RzPDySD8jL2c9yoB+EAFM8kzA==",
      "cpu": [
        "x64"
      ],
      "optional": true,
      "os": [
        "linux"
      ]
    },
    "node_modules/opencode-linux-x64-baseline": {
      "version": "1.1.36",
      "resolved": "https://registry.npmjs.org/opencode-linux-x64-baseline/-/opencode-linux-x64-baseline-1.1.36.tgz",
      "integrity": "sha512-4lIqPOeGuWEDr7tDeDYAR9Hoyj1mQ17QrVejUeFh18IKE3JWgHncsRcjSYvOMrHJnOaL6MM15tHB6iurPBhKIg==",
      "cpu": [
        "x64"
      ],
      "optional": true,
      "os": [
        "linux"
      ]
    },
    "node_modules/opencode-linux-x64-baseline-musl": {
      "version": "1.1.36",
      "resolved": "https://registry.npmjs.org/opencode-linux-x64-baseline-musl/-/opencode-linux-x64-baseline-musl-1.1.36.tgz",
      "integrity": "sha512-sctuwzAKKPw6o45Fk1NDM0jk8NayjZoGHwtT5bsVPG/GSrzoCl2mGDbA9xPYGzZXytXFU9etMIgLV05ibG/9wA==",
      "cpu": [
        "x64"
      ],
      "optional": true,
      "os": [
        "linux"
      ]
    },
    "node_modules/opencode-linux-x64-musl": {
      "version": "1.1.36",
      "resolved": "https://registry.npmjs.org/opencode-linux-x64-musl/-/opencode-linux-x64-musl-1.1.36.tgz",
      "integrity": "sha512-ngDv6Eg59h9SRDcrE9bByP78IoOMeWjIVWip6CdUFKlDGyfBntgm6n+HfeyewzbRwj2PW4A2D1uxuKS1P05SHQ==",
      "cpu": [
        "x64"
      ],
      "optional": true,
      "os": [
        "linux"
      ]
    },
    "node_modules/opencode-windows-x64": {
      "version": "1.1.36",
      "resolved": "https://registry.npmjs.org/opencode-windows-x64/-/opencode-windows-x64-1.1.36.tgz",
      "integrity": "sha512-YzhaKA0YrCRVbt5TdPHca3oGu66m0cYKcrxD4u5cN6CbhgrEmwsCN4bc/e3OezZ2t7UfbSmfQ4OUqeCAo3u06w==",
      "cpu": [
        "x64"
      ],
      "optional": true,
      "os": [
        "win32"
      ]
    },
    "node_modules/opencode-windows-x64-baseline": {
      "version": "1.1.36",
      "resolved": "https://registry.npmjs.org/opencode-windows-x64-baseline/-/opencode-windows-x64-baseline-1.1.36.tgz",
      "integrity": "sha512-SkR4nCqOBU7zAUm9puyDMNMzd98RsB+ZSsKWA6ZF/sApEARwdWwwxkMebuhP9Fx9xx17KK4cL1Qm/KTDRWU7aw==",
      "cpu": [
        "x64"
      ],
      "optional": true,
      "os": [
        "win32"
      ]
    }
  }
}
