{
  "name": "copilot",
  "lockfileVersion": 3,
  "requires": true,
  "packages": {
    "": {
      "dependencies": {
        "@github/copilot": "1.0.93"
      }
    },
    "node_modules/@github/copilot": {
      "version": "1.0.93",
      "resolved": "https://registry.npmjs.org/@github/copilot/-/copilot-1.0.93.tgz",
      "integrity": "sha512-rfkBL3hCIu73XNpOL9a0epZYmbCBtkoNzMVVjpZlGpLE2Aj7CeMCr0NweZKnHqL9VpMaoJyfWbSd1aI0I9Bt3w==",
      "license": "SEE LICENSE IN LICENSE.md",
      "dependencies": {
        "detect-libc": "^2.1.2"
      },
      "bin": {
        "copilot": "npm-loader.js"
      },
      "optionalDependencies": {
        "@github/copilot-darwin-arm64": "1.0.93",
        "@github/copilot-darwin-x64": "1.0.93",
        "@github/copilot-linux-arm64": "1.0.93",
        "@github/copilot-linux-x64": "1.0.93",
        "@github/copilot-linuxmusl-arm64": "1.0.93",
        "@github/copilot-linuxmusl-x64": "1.0.93",
        "@github/copilot-win32-arm64": "1.0.93",
        "@github/copilot-win32-x64": "1.0.93"
      }
    },
    "node_modules/@github/copilot-darwin-arm64": {
      "version": "1.0.93",
      "resolved": "https://registry.npmjs.org/@github/copilot-darwin-arm64/-/copilot-darwin-arm64-1.0.93.tgz",
      "integrity": "sha512-04a+20y9WcM3oTD7PpfSzC154MpNKGInfzgm49u0FmSBodOiaq1FzpQ28rKmFhgdLVi0cv9IO8NNn+aewNeQ2Q==",
      "cpu": [
        "arm64"
      ],
      "license": "SEE LICENSE IN LICENSE.md",
      "optional": true,
      "os": [
        "darwin"
      ],
      "bin": {
        "copilot-darwin-arm64": "copilot"
      }
    },
    "node_modules/@github/copilot-darwin-x64": {
      "version": "1.0.93",
      "resolved": "https://registry.npmjs.org/@github/copilot-darwin-x64/-/copilot-darwin-x64-1.0.93.tgz",
      "integrity": "sha512-D6gwTwb3mSqIxwSFpaLu0tUJ7KGKCQtifXgbqU/QU2idrsqHXMRaFif19L8iyMZs/rtWMKPdSvz7wMyW3Xk1DQ==",
      "cpu": [
        "x64"
      ],
      "license": "SEE LICENSE IN LICENSE.md",
      "optional": true,
      "os": [
        "darwin"
      ],
      "bin": {
        "copilot-darwin-x64": "copilot"
      }
    },
    "node_modules/@github/copilot-linux-arm64": {
      "version": "1.0.93",
      "resolved": "https://registry.npmjs.org/@github/copilot-linux-arm64/-/copilot-linux-arm64-1.0.93.tgz",
      "integrity": "sha512-SbWYNri8DMoU4i0X5KsypfGQw5hWceiedZ8dEeQhedsd/uRv1IJYZna68IO5HYwGyU581ehr6VXm6XUt3qTDSw==",
      "cpu": [
        "arm64"
      ],
      "libc": [
        "glibc"
      ],
      "license": "SEE LICENSE IN LICENSE.md",
      "optional": true,
      "os": [
        "linux"
      ],
      "bin": {
        "copilot-linux-arm64": "copilot"
      }
    },
    "node_modules/@github/copilot-linux-x64": {
      "version": "1.0.93",
      "resolved": "https://registry.npmjs.org/@github/copilot-linux-x64/-/copilot-linux-x64-1.0.93.tgz",
      "integrity": "sha512-tEXAZDdA1lHl6AGcYFGb+qaFWxCbYYQosXw+PVQFMdnDsc85uZ7xDPaxD7oW7cQpbwkrqUCioR88tcPpV0rJrA==",
      "cpu": [
        "x64"
      ],
      "libc": [
        "glibc"
      ],
      "license": "SEE LICENSE IN LICENSE.md",
      "optional": true,
      "os": [
        "linux"
      ],
      "bin": {
        "copilot-linux-x64": "copilot"
      }
    },
    "node_modules/@github/copilot-linuxmusl-arm64": {
      "version": "1.0.93",
      "resolved": "https://registry.npmjs.org/@github/copilot-linuxmusl-arm64/-/copilot-linuxmusl-arm64-1.0.93.tgz",
      "integrity": "sha512-3DlPGRpq280plB/JuGbjyk1ehwn73+In1kL/vTO6Xs6acRTRtF6SPioyMdrkS59OEEQRYvxCemrM/n9gEdCg3Q==",
      "cpu": [
        "arm64"
      ],
      "libc": [
        "musl"
      ],
      "license": "SEE LICENSE IN LICENSE.md",
      "optional": true,
      "os": [
        "linux"
      ],
      "bin": {
        "copilot-linuxmusl-arm64": "copilot"
      }
    },
    "node_modules/@github/copilot-linuxmusl-x64": {
      "version": "1.0.93",
      "resolved": "https://registry.npmjs.org/@github/copilot-linuxmusl-x64/-/copilot-linuxmusl-x64-1.0.93.tgz",
      "integrity": "sha512-in6W71pUV6+Kj0vF+39+Oxg9S5z2o3SrQiZ6DHXKRPYVhUJVRrTG/jMrXEoVVrevLqWTRVN2JU19swXEZj89FQ==",
      "cpu": [
        "x64"
      ],
      "libc": [
        "musl"
      ],
      "license": "SEE LICENSE IN LICENSE.md",
      "optional": true,
      "os": [
        "linux"
      ],
      "bin": {
        "copilot-linuxmusl-x64": "copilot"
      }
    },
    "node_modules/@github/copilot-win32-arm64": {
      "version": "1.0.93",
      "resolved": "https://registry.npmjs.org/@github/copilot-win32-arm64/-/copilot-win32-arm64-1.0.93.tgz",
      "integrity": "sha512-ZVNfokntDf7778NuL2CCmqjGONBQ8oPaglvfdEydFuKehwe5iLw9WUWYgEBPc/txUdQzJp5Zoyr6vDgVioPq4g==",
      "cpu": [
        "arm64"
      ],
      "license": "SEE LICENSE IN LICENSE.md",
      "optional": true,
      "os": [
        "win32"
      ],
      "bin": {
        "copilot-win32-arm64": "copilot.exe"
      }
    },
    "node_modules/@github/copilot-win32-x64": {
      "version": "1.0.93",
      "resolved": "https://registry.npmjs.org/@github/copilot-win32-x64/-/copilot-win32-x64-1.0.93.tgz",
      "integrity": "sha512-0avwLUdZxiLYINoTalLZUxNcarOd1IoMaT4jJWtaJRtD6MgL5yW8+5P+5sVihKPg7R2AWymU3V8U45IYEvDmgw==",
      "cpu": [
        "x64"
      ],
      "license": "SEE LICENSE IN LICENSE.md",
      "optional": true,
      "os": [
        "win32"
      ],
      "bin": {
        "copilot-win32-x64": "copilot.exe"
      }
    },
    "node_modules/detect-libc": {
      "version": "2.1.2",
      "resolved": "https://registry.npmjs.org/detect-libc/-/detect-libc-2.1.2.tgz",
      "integrity": "sha512-Btj2BOOO83o3WyH59e8MgXsxEQVcarkUOpEYrubB0urwnN10yQ364rsiByU11nZlqWYZm05i/of7io4mzihBtQ==",
      "license": "Apache-2.0",
      "engines": {
        "node": ">=8"
      }
    }
  }
}
